// !$*UTF8*$!
{
	archiveVersion = 1;
	classes = {
	};
	objectVersion = 46;
	objects = {

/* Begin PBXBuildFile section */
		0492B29B1CA61CD700E5F062 /* UINavigationBar+Extension.m in Sources */ = {isa = PBXBuildFile; fileRef = 0492B2931CA61CD700E5F062 /* UINavigationBar+Extension.m */; };
		0492B29C1CA61CD700E5F062 /* FSMoveNavBarController.m in Sources */ = {isa = PBXBuildFile; fileRef = 0492B2961CA61CD700E5F062 /* FSMoveNavBarController.m */; };
		0492B29D1CA61CD700E5F062 /* FSQQZoneController.m in Sources */ = {isa = PBXBuildFile; fileRef = 0492B2981CA61CD700E5F062 /* FSQQZoneController.m */; };
		0492B2A11CA61D3600E5F062 /* FSNavigationController.m in Sources */ = {isa = PBXBuildFile; fileRef = 0492B2A01CA61D3600E5F062 /* FSNavigationController.m */; };
		0492B2A41CA61D5000E5F062 /* FSTabBarController.m in Sources */ = {isa = PBXBuildFile; fileRef = 0492B2A31CA61D5000E5F062 /* FSTabBarController.m */; };
		04C24B851CA58C98004D7760 /* main.m in Sources */ = {isa = PBXBuildFile; fileRef = 04C24B841CA58C98004D7760 /* main.m */; };
		04C24B881CA58C98004D7760 /* AppDelegate.m in Sources */ = {isa = PBXBuildFile; fileRef = 04C24B871CA58C98004D7760 /* AppDelegate.m */; };
		04C24B8E1CA58C98004D7760 /* Main.storyboard in Resources */ = {isa = PBXBuildFile; fileRef = 04C24B8C1CA58C98004D7760 /* Main.storyboard */; };
		04C24B901CA58C98004D7760 /* Assets.xcassets in Resources */ = {isa = PBXBuildFile; fileRef = 04C24B8F1CA58C98004D7760 /* Assets.xcassets */; };
		04C24B931CA58C98004D7760 /* LaunchScreen.storyboard in Resources */ = {isa = PBXBuildFile; fileRef = 04C24B911CA58C98004D7760 /* LaunchScreen.storyboard */; };
		04C24B9E1CA58C98004D7760 /* FSNavigationBarDemoTests.m in Sources */ = {isa = PBXBuildFile; fileRef = 04C24B9D1CA58C98004D7760 /* FSNavigationBarDemoTests.m */; };
		04C24BA91CA58C98004D7760 /* FSNavigationBarDemoUITests.m in Sources */ = {isa = PBXBuildFile; fileRef = 04C24BA81CA58C98004D7760 /* FSNavigationBarDemoUITests.m */; };
		04C24BBC1CA59C40004D7760 /* bg.png in Resources */ = {isa = PBXBuildFile; fileRef = 04C24BBB1CA59C40004D7760 /* bg.png */; };
/* End PBXBuildFile section */

/* Begin PBXContainerItemProxy section */
		04C24B9A1CA58C98004D7760 /* PBXContainerItemProxy */ = {
			isa = PBXContainerItemProxy;
			containerPortal = 04C24B781CA58C98004D7760 /* Project object */;
			proxyType = 1;
			remoteGlobalIDString = 04C24B7F1CA58C98004D7760;
			remoteInfo = FSNavigationBarDemo;
		};
		04C24BA51CA58C98004D7760 /* PBXContainerItemProxy */ = {
			isa = PBXContainerItemProxy;
			containerPortal = 04C24B781CA58C98004D7760 /* Project object */;
			proxyType = 1;
			remoteGlobalIDString = 04C24B7F1CA58C98004D7760;
			remoteInfo = FSNavigationBarDemo;
		};
/* End PBXContainerItemProxy section */

/* Begin PBXFileReference section */
		0492B2921CA61CD700E5F062 /* UINavigationBar+Extension.h */ = {isa = PBXFileReference; fileEncoding = 4; lastKnownFileType = sourcecode.c.h; path = "UINavigationBar+Extension.h"; sourceTree = "<group>"; };
		0492B2931CA61CD700E5F062 /* UINavigationBar+Extension.m */ = {isa = PBXFileReference; fileEncoding = 4; lastKnownFileType = sourcecode.c.objc; path = "UINavigationBar+Extension.m"; sourceTree = "<group>"; };
		0492B2951CA61CD700E5F062 /* FSMoveNavBarController.h */ = {isa = PBXFileReference; fileEncoding = 4; lastKnownFileType = sourcecode.c.h; path = FSMoveNavBarController.h; sourceTree = "<group>"; };
		0492B2961CA61CD700E5F062 /* FSMoveNavBarController.m */ = {isa = PBXFileReference; fileEncoding = 4; lastKnownFileType = sourcecode.c.objc; path = FSMoveNavBarController.m; sourceTree = "<group>"; };
		0492B2971CA61CD700E5F062 /* FSQQZoneController.h */ = {isa = PBXFileReference; fileEncoding = 4; lastKnownFileType = sourcecode.c.h; path = FSQQZoneController.h; sourceTree = "<group>"; };
		0492B2981CA61CD700E5F062 /* FSQQZoneController.m */ = {isa = PBXFileReference; fileEncoding = 4; lastKnownFileType = sourcecode.c.objc; path = FSQQZoneController.m; sourceTree = "<group>"; };
		0492B29F1CA61D3600E5F062 /* FSNavigationController.h */ = {isa = PBXFileReference; fileEncoding = 4; lastKnownFileType = sourcecode.c.h; path = FSNavigationController.h; sourceTree = "<group>"; };
		0492B2A01CA61D3600E5F062 /* FSNavigationController.m */ = {isa = PBXFileReference; fileEncoding = 4; lastKnownFileType = sourcecode.c.objc; path = FSNavigationController.m; sourceTree = "<group>"; };
		0492B2A21CA61D5000E5F062 /* FSTabBarController.h */ = {isa = PBXFileReference; fileEncoding = 4; lastKnownFileType = sourcecode.c.h; path = FSTabBarController.h; sourceTree = "<group>"; };
		0492B2A31CA61D5000E5F062 /* FSTabBarController.m */ = {isa = PBXFileReference; fileEncoding = 4; lastKnownFileType = sourcecode.c.objc; path = FSTabBarController.m; sourceTree = "<group>"; };
		04C24B801CA58C98004D7760 /* FSNavigationBarDemo.app */ = {isa = PBXFileReference; explicitFileType = wrapper.application; includeInIndex = 0; path = FSNavigationBarDemo.app; sourceTree = BUILT_PRODUCTS_DIR; };
		04C24B841CA58C98004D7760 /* main.m */ = {isa = PBXFileReference; lastKnownFileType = sourcecode.c.objc; path = main.m; sourceTree = "<group>"; };
		04C24B861CA58C98004D7760 /* AppDelegate.h */ = {isa = PBXFileReference; lastKnownFileType = sourcecode.c.h; name = AppDelegate.h; path = ../AppDelegate.h; sourceTree = "<group>"; };
		04C24B871CA58C98004D7760 /* AppDelegate.m */ = {isa = PBXFileReference; lastKnownFileType = sourcecode.c.objc; name = AppDelegate.m; path = ../AppDelegate.m; sourceTree = "<group>"; };
		04C24B8D1CA58C98004D7760 /* Base */ = {isa = PBXFileReference; lastKnownFileType = file.storyboard; name = Base; path = Base.lproj/Main.storyboard; sourceTree = "<group>"; };
		04C24B8F1CA58C98004D7760 /* Assets.xcassets */ = {isa = PBXFileReference; lastKnownFileType = folder.assetcatalog; path = Assets.xcassets; sourceTree = "<group>"; };
		04C24B921CA58C98004D7760 /* Base */ = {isa = PBXFileReference; lastKnownFileType = file.storyboard; name = Base; path = Base.lproj/LaunchScreen.storyboard; sourceTree = "<group>"; };
		04C24B941CA58C98004D7760 /* Info.plist */ = {isa = PBXFileReference; lastKnownFileType = text.plist.xml; path = Info.plist; sourceTree = "<group>"; };
		04C24B991CA58C98004D7760 /* FSNavigationBarDemoTests.xctest */ = {isa = PBXFileReference; explicitFileType = wrapper.cfbundle; includeInIndex = 0; path = FSNavigationBarDemoTests.xctest; sourceTree = BUILT_PRODUCTS_DIR; };
		04C24B9D1CA58C98004D7760 /* FSNavigationBarDemoTests.m */ = {isa = PBXFileReference; lastKnownFileType = sourcecode.c.objc; path = FSNavigationBarDemoTests.m; sourceTree = "<group>"; };
		04C24B9F1CA58C98004D7760 /* Info.plist */ = {isa = PBXFileReference; lastKnownFileType = text.plist.xml; path = Info.plist; sourceTree = "<group>"; };
		04C24BA41CA58C98004D7760 /* FSNavigationBarDemoUITests.xctest */ = {isa = PBXFileReference; explicitFileType = wrapper.cfbundle; includeInIndex = 0; path = FSNavigationBarDemoUITests.xctest; sourceTree = BUILT_PRODUCTS_DIR; };
		04C24BA81CA58C98004D7760 /* FSNavigationBarDemoUITests.m */ = {isa = PBXFileReference; lastKnownFileType = sourcecode.c.objc; path = FSNavigationBarDemoUITests.m; sourceTree = "<group>"; };
		04C24BAA1CA58C98004D7760 /* Info.plist */ = {isa = PBXFileReference; lastKnownFileType = text.plist.xml; path = Info.plist; sourceTree = "<group>"; };
		04C24BBB1CA59C40004D7760 /* bg.png */ = {isa = PBXFileReference; lastKnownFileType = image.png; path = bg.png; sourceTree = "<group>"; };
/* End PBXFileReference section */

/* Begin PBXFrameworksBuildPhase section */
		04C24B7D1CA58C98004D7760 /* Frameworks */ = {
			isa = PBXFrameworksBuildPhase;
			buildActionMask = 2147483647;
			files = (
			);
			runOnlyForDeploymentPostprocessing = 0;
		};
		04C24B961CA58C98004D7760 /* Frameworks */ = {
			isa = PBXFrameworksBuildPhase;
			buildActionMask = 2147483647;
			files = (
			);
			runOnlyForDeploymentPostprocessing = 0;
		};
		04C24BA11CA58C98004D7760 /* Frameworks */ = {
			isa = PBXFrameworksBuildPhase;
			buildActionMask = 2147483647;
			files = (
			);
			runOnlyForDeploymentPostprocessing = 0;
		};
/* End PBXFrameworksBuildPhase section */

/* Begin PBXGroup section */
		0492B2901CA61CD700E5F062 /* Classes */ = {
			isa = PBXGroup;
			children = (
				04C24B861CA58C98004D7760 /* AppDelegate.h */,
				04C24B871CA58C98004D7760 /* AppDelegate.m */,
				0492B29E1CA61D1C00E5F062 /* Main */,
				0492B2911CA61CD700E5F062 /* Categary */,
				0492B2941CA61CD700E5F062 /* Controller */,
				0492B2991CA61CD700E5F062 /* Other */,
				0492B29A1CA61CD700E5F062 /* View */,
			);
			path = Classes;
			sourceTree = "<group>";
		};
		0492B2911CA61CD700E5F062 /* Categary */ = {
			isa = PBXGroup;
			children = (
				0492B2921CA61CD700E5F062 /* UINavigationBar+Extension.h */,
				0492B2931CA61CD700E5F062 /* UINavigationBar+Extension.m */,
			);
			path = Categary;
			sourceTree = "<group>";
		};
		0492B2941CA61CD700E5F062 /* Controller */ = {
			isa = PBXGroup;
			children = (
				0492B2951CA61CD700E5F062 /* FSMoveNavBarController.h */,
				0492B2961CA61CD700E5F062 /* FSMoveNavBarController.m */,
				0492B2971CA61CD700E5F062 /* FSQQZoneController.h */,
				0492B2981CA61CD700E5F062 /* FSQQZoneController.m */,
			);
			path = Controller;
			sourceTree = "<group>";
		};
		0492B2991CA61CD700E5F062 /* Other */ = {
			isa = PBXGroup;
			children = (
			);
			path = Other;
			sourceTree = "<group>";
		};
		0492B29A1CA61CD700E5F062 /* View */ = {
			isa = PBXGroup;
			children = (
			);
			path = View;
			sourceTree = "<group>";
		};
		0492B29E1CA61D1C00E5F062 /* Main */ = {
			isa = PBXGroup;
			children = (
				0492B29F1CA61D3600E5F062 /* FSNavigationController.h */,
				0492B2A01CA61D3600E5F062 /* FSNavigationController.m */,
				0492B2A21CA61D5000E5F062 /* FSTabBarController.h */,
				0492B2A31CA61D5000E5F062 /* FSTabBarController.m */,
			);
			path = Main;
			sourceTree = "<group>";
		};
		04C24B771CA58C98004D7760 = {
			isa = PBXGroup;
			children = (
				04C24B821CA58C98004D7760 /* FSNavigationBarDemo */,
				04C24B9C1CA58C98004D7760 /* FSNavigationBarDemoTests */,
				04C24BA71CA58C98004D7760 /* FSNavigationBarDemoUITests */,
				04C24B811CA58C98004D7760 /* Products */,
			);
			sourceTree = "<group>";
		};
		04C24B811CA58C98004D7760 /* Products */ = {
			isa = PBXGroup;
			children = (
				04C24B801CA58C98004D7760 /* FSNavigationBarDemo.app */,
				04C24B991CA58C98004D7760 /* FSNavigationBarDemoTests.xctest */,
				04C24BA41CA58C98004D7760 /* FSNavigationBarDemoUITests.xctest */,
			);
			name = Products;
			sourceTree = "<group>";
		};
		04C24B821CA58C98004D7760 /* FSNavigationBarDemo */ = {
			isa = PBXGroup;
			children = (
				0492B2901CA61CD700E5F062 /* Classes */,
				04C24B831CA58C98004D7760 /* Supporting Files */,
			);
			path = FSNavigationBarDemo;
			sourceTree = "<group>";
		};
		04C24B831CA58C98004D7760 /* Supporting Files */ = {
			isa = PBXGroup;
			children = (
				04C24B8C1CA58C98004D7760 /* Main.storyboard */,
				04C24B8F1CA58C98004D7760 /* Assets.xcassets */,
				04C24B911CA58C98004D7760 /* LaunchScreen.storyboard */,
				04C24BBB1CA59C40004D7760 /* bg.png */,
				04C24B941CA58C98004D7760 /* Info.plist */,
				04C24B841CA58C98004D7760 /* main.m */,
			);
			name = "Supporting Files";
			sourceTree = "<group>";
		};
		04C24B9C1CA58C98004D7760 /* FSNavigationBarDemoTests */ = {
			isa = PBXGroup;
			children = (
				04C24B9D1CA58C98004D7760 /* FSNavigationBarDemoTests.m */,
				04C24B9F1CA58C98004D7760 /* Info.plist */,
			);
			path = FSNavigationBarDemoTests;
			sourceTree = "<group>";
		};
		04C24BA71CA58C98004D7760 /* FSNavigationBarDemoUITests */ = {
			isa = PBXGroup;
			children = (
				04C24BA81CA58C98004D7760 /* FSNavigationBarDemoUITests.m */,
				04C24BAA1CA58C98004D7760 /* Info.plist */,
			);
			path = FSNavigationBarDemoUITests;
			sourceTree = "<group>";
		};
/* End PBXGroup section */

/* Begin PBXNativeTarget section */
		04C24B7F1CA58C98004D7760 /* FSNavigationBarDemo */ = {
			isa = PBXNativeTarget;
			buildConfigurationList = 04C24BAD1CA58C98004D7760 /* Build configuration list for PBXNativeTarget "FSNavigationBarDemo" */;
			buildPhases = (
				04C24B7C1CA58C98004D7760 /* Sources */,
				04C24B7D1CA58C98004D7760 /* Frameworks */,
				04C24B7E1CA58C98004D7760 /* Resources */,
			);
			buildRules = (
			);
			dependencies = (
			);
			name = FSNavigationBarDemo;
			productName = FSNavigationBarDemo;
			productReference = 04C24B801CA58C98004D7760 /* FSNavigationBarDemo.app */;
			productType = "com.apple.product-type.application";
		};
		04C24B981CA58C98004D7760 /* FSNavigationBarDemoTests */ = {
			isa = PBXNativeTarget;
			buildConfigurationList = 04C24BB01CA58C98004D7760 /* Build configuration list for PBXNativeTarget "FSNavigationBarDemoTests" */;
			buildPhases = (
				04C24B951CA58C98004D7760 /* Sources */,
				04C24B961CA58C98004D7760 /* Frameworks */,
				04C24B971CA58C98004D7760 /* Resources */,
			);
			buildRules = (
			);
			dependencies = (
				04C24B9B1CA58C98004D7760 /* PBXTargetDependency */,
			);
			name = FSNavigationBarDemoTests;
			productName = FSNavigationBarDemoTests;
			productReference = 04C24B991CA58C98004D7760 /* FSNavigationBarDemoTests.xctest */;
			productType = "com.apple.product-type.bundle.unit-test";
		};
		04C24BA31CA58C98004D7760 /* FSNavigationBarDemoUITests */ = {
			isa = PBXNativeTarget;
			buildConfigurationList = 04C24BB31CA58C98004D7760 /* Build configuration list for PBXNativeTarget "FSNavigationBarDemoUITests" */;
			buildPhases = (
				04C24BA01CA58C98004D7760 /* Sources */,
				04C24BA11CA58C98004D7760 /* Frameworks */,
				04C24BA21CA58C98004D7760 /* Resources */,
			);
			buildRules = (
			);
			dependencies = (
				04C24BA61CA58C98004D7760 /* PBXTargetDependency */,
			);
			name = FSNavigationBarDemoUITests;
			productName = FSNavigationBarDemoUITests;
			productReference = 04C24BA41CA58C98004D7760 /* FSNavigationBarDemoUITests.xctest */;
			productType = "com.apple.product-type.bundle.ui-testing";
		};
/* End PBXNativeTarget section */

/* Begin PBXProject section */
		04C24B781CA58C98004D7760 /* Project object */ = {
			isa = PBXProject;
			attributes = {
				LastUpgradeCheck = 0720;
				ORGANIZATIONNAME = "四维图新";
				TargetAttributes = {
					04C24B7F1CA58C98004D7760 = {
						CreatedOnToolsVersion = 7.2;
					};
					04C24B981CA58C98004D7760 = {
						CreatedOnToolsVersion = 7.2;
						TestTargetID = 04C24B7F1CA58C98004D7760;
					};
					04C24BA31CA58C98004D7760 = {
						CreatedOnToolsVersion = 7.2;
						TestTargetID = 04C24B7F1CA58C98004D7760;
					};
				};
			};
			buildConfigurationList = 04C24B7B1CA58C98004D7760 /* Build configuration list for PBXProject "FSNavigationBarDemo" */;
			compatibilityVersion = "Xcode 3.2";
			developmentRegion = English;
			hasScannedForEncodings = 0;
			knownRegions = (
				en,
				Base,
			);
			mainGroup = 04C24B771CA58C98004D7760;
			productRefGroup = 04C24B811CA58C98004D7760 /* Products */;
			projectDirPath = "";
			projectRoot = "";
			targets = (
				04C24B7F1CA58C98004D7760 /* FSNavigationBarDemo */,
				04C24B981CA58C98004D7760 /* FSNavigationBarDemoTests */,
				04C24BA31CA58C98004D7760 /* FSNavigationBarDemoUITests */,
			);
		};
/* End PBXProject section */

/* Begin PBXResourcesBuildPhase section */
		04C24B7E1CA58C98004D7760 /* Resources */ = {
			isa = PBXResourcesBuildPhase;
			buildActionMask = 2147483647;
			files = (
				04C24BBC1CA59C40004D7760 /* bg.png in Resources */,
				04C24B931CA58C98004D7760 /* LaunchScreen.storyboard in Resources */,
				04C24B901CA58C98004D7760 /* Assets.xcassets in Resources */,
				04C24B8E1CA58C98004D7760 /* Main.storyboard in Resources */,
			);
			runOnlyForDeploymentPostprocessing = 0;
		};
		04C24B971CA58C98004D7760 /* Resources */ = {
			isa = PBXResourcesBuildPhase;
			buildActionMask = 2147483647;
			files = (
			);
			runOnlyForDeploymentPostprocessing = 0;
		};
		04C24BA21CA58C98004D7760 /* Resources */ = {
			isa = PBXResourcesBuildPhase;
			buildActionMask = 2147483647;
			files = (
			);
			runOnlyForDeploymentPostprocessing = 0;
		};
/* End PBXResourcesBuildPhase section */

/* Begin PBXSourcesBuildPhase section */
		04C24B7C1CA58C98004D7760 /* Sources */ = {
			isa = PBXSourcesBuildPhase;
			buildActionMask = 2147483647;
			files = (
				0492B29C1CA61CD700E5F062 /* FSMoveNavBarController.m in Sources */,
				0492B29D1CA61CD700E5F062 /* FSQQZoneController.m in Sources */,
				0492B2A11CA61D3600E5F062 /* FSNavigationController.m in Sources */,
				0492B2A41CA61D5000E5F062 /* FSTabBarController.m in Sources */,
				04C24B881CA58C98004D7760 /* AppDelegate.m in Sources */,
				0492B29B1CA61CD700E5F062 /* UINavigationBar+Extension.m in Sources */,
				04C24B851CA58C98004D7760 /* main.m in Sources */,
			);
			runOnlyForDeploymentPostprocessing = 0;
		};
		04C24B951CA58C98004D7760 /* Sources */ = {
			isa = PBXSourcesBuildPhase;
			buildActionMask = 2147483647;
			files = (
				04C24B9E1CA58C98004D7760 /* FSNavigationBarDemoTests.m in Sources */,
			);
			runOnlyForDeploymentPostprocessing = 0;
		};
		04C24BA01CA58C98004D7760 /* Sources */ = {
			isa = PBXSourcesBuildPhase;
			buildActionMask = 2147483647;
			files = (
				04C24BA91CA58C98004D7760 /* FSNavigationBarDemoUITests.m in Sources */,
			);
			runOnlyForDeploymentPostprocessing = 0;
		};
/* End PBXSourcesBuildPhase section */

/* Begin PBXTargetDependency section */
		04C24B9B1CA58C98004D7760 /* PBXTargetDependency */ = {
			isa = PBXTargetDependency;
			target = 04C24B7F1CA58C98004D7760 /* FSNavigationBarDemo */;
			targetProxy = 04C24B9A1CA58C98004D7760 /* PBXContainerItemProxy */;
		};
		04C24BA61CA58C98004D7760 /* PBXTargetDependency */ = {
			isa = PBXTargetDependency;
			target = 04C24B7F1CA58C98004D7760 /* FSNavigationBarDemo */;
			targetProxy = 04C24BA51CA58C98004D7760 /* PBXContainerItemProxy */;
		};
/* End PBXTargetDependency section */

/* Begin PBXVariantGroup section */
		04C24B8C1CA58C98004D7760 /* Main.storyboard */ = {
			isa = PBXVariantGroup;
			children = (
				04C24B8D1CA58C98004D7760 /* Base */,
			);
			name = Main.storyboard;
			sourceTree = "<group>";
		};
		04C24B911CA58C98004D7760 /* LaunchScreen.storyboard */ = {
			isa = PBXVariantGroup;
			children = (
				04C24B921CA58C98004D7760 /* Base */,
			);
			name = LaunchScreen.storyboard;
			sourceTree = "<group>";
		};
/* End PBXVariantGroup section */

/* Begin XCBuildConfiguration section */
		04C24BAB1CA58C98004D7760 /* Debug */ = {
			isa = XCBuildConfiguration;
			buildSettings = {
				ALWAYS_SEARCH_USER_PATHS = NO;
				CLANG_CXX_LANGUAGE_STANDARD = "gnu++0x";
				CLANG_CXX_LIBRARY = "libc++";
				CLANG_ENABLE_MODULES = YES;
				CLANG_ENABLE_OBJC_ARC = YES;
				CLANG_WARN_BOOL_CONVERSION = YES;
				CLANG_WARN_CONSTANT_CONVERSION = YES;
				CLANG_WARN_DIRECT_OBJC_ISA_USAGE = YES_ERROR;
				CLANG_WARN_EMPTY_BODY = YES;
				CLANG_WARN_ENUM_CONVERSION = YES;
				CLANG_WARN_INT_CONVERSION = YES;
				CLANG_WARN_OBJC_ROOT_CLASS = YES_ERROR;
				CLANG_WARN_UNREACHABLE_CODE = YES;
				CLANG_WARN__DUPLICATE_METHOD_MATCH = YES;
				"CODE_SIGN_IDENTITY[sdk=iphoneos*]" = "iPhone Developer";
				COPY_PHASE_STRIP = NO;
				DEBUG_INFORMATION_FORMAT = dwarf;
				ENABLE_STRICT_OBJC_MSGSEND = YES;
				ENABLE_TESTABILITY = YES;
				GCC_C_LANGUAGE_STANDARD = gnu99;
				GCC_DYNAMIC_NO_PIC = NO;
				GCC_NO_COMMON_BLOCKS = YES;
				GCC_OPTIMIZATION_LEVEL = 0;
				GCC_PREPROCESSOR_DEFINITIONS = (
					"DEBUG=1",
					"$(inherited)",
				);
				GCC_WARN_64_TO_32_BIT_CONVERSION = YES;
				GCC_WARN_ABOUT_RETURN_TYPE = YES_ERROR;
				GCC_WARN_UNDECLARED_SELECTOR = YES;
				GCC_WARN_UNINITIALIZED_AUTOS = YES_AGGRESSIVE;
				GCC_WARN_UNUSED_FUNCTION = YES;
				GCC_WARN_UNUSED_VARIABLE = YES;
				IPHONEOS_DEPLOYMENT_TARGET = 9.2;
				MTL_ENABLE_DEBUG_INFO = YES;
				ONLY_ACTIVE_ARCH = YES;
				SDKROOT = iphoneos;
				TARGETED_DEVICE_FAMILY = "1,2";
			};
			name = Debug;
		};
		04C24BAC1CA58C98004D7760 /* Release */ = {
			isa = XCBuildConfiguration;
			buildSettings = {
				ALWAYS_SEARCH_USER_PATHS = NO;
				CLANG_CXX_LANGUAGE_STANDARD = "gnu++0x";
				CLANG_CXX_LIBRARY = "libc++";
				CLANG_ENABLE_MODULES = YES;
				CLANG_ENABLE_OBJC_ARC = YES;
				CLANG_WARN_BOOL_CONVERSION = YES;
				CLANG_WARN_CONSTANT_CONVERSION = YES;
				CLANG_WARN_DIRECT_OBJC_ISA_USAGE = YES_ERROR;
				CLANG_WARN_EMPTY_BODY = YES;
				CLANG_WARN_ENUM_CONVERSION = YES;
				CLANG_WARN_INT_CONVERSION = YES;
				CLANG_WARN_OBJC_ROOT_CLASS = YES_ERROR;
				CLANG_WARN_UNREACHABLE_CODE = YES;
				CLANG_WARN__DUPLICATE_METHOD_MATCH = YES;
				"CODE_SIGN_IDENTITY[sdk=iphoneos*]" = "iPhone Developer";
				COPY_PHASE_STRIP = NO;
				DEBUG_INFORMATION_FORMAT = "dwarf-with-dsym";
				ENABLE_NS_ASSERTIONS = NO;
				ENABLE_STRICT_OBJC_MSGSEND = YES;
				GCC_C_LANGUAGE_STANDARD = gnu99;
				GCC_NO_COMMON_BLOCKS = YES;
				GCC_WARN_64_TO_32_BIT_CONVERSION = YES;
				GCC_WARN_ABOUT_RETURN_TYPE = YES_ERROR;
				GCC_WARN_UNDECLARED_SELECTOR = YES;
				GCC_WARN_UNINITIALIZED_AUTOS = YES_AGGRESSIVE;
				GCC_WARN_UNUSED_FUNCTION = YES;
				GCC_WARN_UNUSED_VARIABLE = YES;
				IPHONEOS_DEPLOYMENT_TARGET = 9.2;
				MTL_ENABLE_DEBUG_INFO = NO;
				SDKROOT = iphoneos;
				TARGETED_DEVICE_FAMILY = "1,2";
				VALIDATE_PRODUCT = YES;
			};
			name = Release;
		};
		04C24BAE1CA58C98004D7760 /* Debug */ = {
			isa = XCBuildConfiguration;
			buildSettings = {
				ASSETCATALOG_COMPILER_APPICON_NAME = AppIcon;
				INFOPLIST_FILE = FSNavigationBarDemo/Info.plist;
				LD_RUNPATH_SEARCH_PATHS = "$(inherited) @executable_path/Frameworks";
				PRODUCT_BUNDLE_IDENTIFIER = NavInfo.FSNavigationBarDemo;
				PRODUCT_NAME = "$(TARGET_NAME)";
			};
			name = Debug;
		};
		04C24BAF1CA58C98004D7760 /* Release */ = {
			isa = XCBuildConfiguration;
			buildSettings = {
				ASSETCATALOG_COMPILER_APPICON_NAME = AppIcon;
				INFOPLIST_FILE = FSNavigationBarDemo/Info.plist;
				LD_RUNPATH_SEARCH_PATHS = "$(inherited) @executable_path/Frameworks";
				PRODUCT_BUNDLE_IDENTIFIER = NavInfo.FSNavigationBarDemo;
				PRODUCT_NAME = "$(TARGET_NAME)";
			};
			name = Release;
		};
		04C24BB11CA58C98004D7760 /* Debug */ = {
			isa = XCBuildConfiguration;
			buildSettings = {
				BUNDLE_LOADER = "$(TEST_HOST)";
				INFOPLIST_FILE = FSNavigationBarDemoTests/Info.plist;
				LD_RUNPATH_SEARCH_PATHS = "$(inherited) @executable_path/Frameworks @loader_path/Frameworks";
				PRODUCT_BUNDLE_IDENTIFIER = NavInfo.FSNavigationBarDemoTests;
				PRODUCT_NAME = "$(TARGET_NAME)";
				TEST_HOST = "$(BUILT_PRODUCTS_DIR)/FSNavigationBarDemo.app/FSNavigationBarDemo";
			};
			name = Debug;
		};
		04C24BB21CA58C98004D7760 /* Release */ = {
			isa = XCBuildConfiguration;
			buildSettings = {
				BUNDLE_LOADER = "$(TEST_HOST)";
				INFOPLIST_FILE = FSNavigationBarDemoTests/Info.plist;
				LD_RUNPATH_SEARCH_PATHS = "$(inherited) @executable_path/Frameworks @loader_path/Frameworks";
				PRODUCT_BUNDLE_IDENTIFIER = NavInfo.FSNavigationBarDemoTests;
				PRODUCT_NAME = "$(TARGET_NAME)";
				TEST_HOST = "$(BUILT_PRODUCTS_DIR)/FSNavigationBarDemo.app/FSNavigationBarDemo";
			};
			name = Release;
		};
		04C24BB41CA58C98004D7760 /* Debug */ = {
			isa = XCBuildConfiguration;
			buildSettings = {
				INFOPLIST_FILE = FSNavigationBarDemoUITests/Info.plist;
				LD_RUNPATH_SEARCH_PATHS = "$(inherited) @executable_path/Frameworks @loader_path/Frameworks";
				PRODUCT_BUNDLE_IDENTIFIER = NavInfo.FSNavigationBarDemoUITests;
				PRODUCT_NAME = "$(TARGET_NAME)";
				TEST_TARGET_NAME = FSNavigationBarDemo;
				USES_XCTRUNNER = YES;
			};
			name = Debug;
		};
		04C24BB51CA58C98004D7760 /* Release */ = {
			isa = XCBuildConfiguration;
			buildSettings = {
				INFOPLIST_FILE = FSNavigationBarDemoUITests/Info.plist;
				LD_RUNPATH_SEARCH_PATHS = "$(inherited) @executable_path/Frameworks @loader_path/Frameworks";
				PRODUCT_BUNDLE_IDENTIFIER = NavInfo.FSNavigationBarDemoUITests;
				PRODUCT_NAME = "$(TARGET_NAME)";
				TEST_TARGET_NAME = FSNavigationBarDemo;
				USES_XCTRUNNER = YES;
			};
			name = Release;
		};
/* End XCBuildConfiguration section */

/* Begin XCConfigurationList section */
		04C24B7B1CA58C98004D7760 /* Build configuration list for PBXProject "FSNavigationBarDemo" */ = {
			isa = XCConfigurationList;
			buildConfigurations = (
				04C24BAB1CA58C98004D7760 /* Debug */,
				04C24BAC1CA58C98004D7760 /* Release */,
			);
			defaultConfigurationIsVisible = 0;
			defaultConfigurationName = Release;
		};
		04C24BAD1CA58C98004D7760 /* Build configuration list for PBXNativeTarget "FSNavigationBarDemo" */ = {
			isa = XCConfigurationList;
			buildConfigurations = (
				04C24BAE1CA58C98004D7760 /* Debug */,
				04C24BAF1CA58C98004D7760 /* Release */,
			);
			defaultConfigurationIsVisible = 0;
			defaultConfigurationName = Release;
		};
		04C24BB01CA58C98004D7760 /* Build configuration list for PBXNativeTarget "FSNavigationBarDemoTests" */ = {
			isa = XCConfigurationList;
			buildConfigurations = (
				04C24BB11CA58C98004D7760 /* Debug */,
				04C24BB21CA58C98004D7760 /* Release */,
			);
			defaultConfigurationIsVisible = 0;
			defaultConfigurationName = Release;
		};
		04C24BB31CA58C98004D7760 /* Build configuration list for PBXNativeTarget "FSNavigationBarDemoUITests" */ = {
			isa = XCConfigurationList;
			buildConfigurations = (
				04C24BB41CA58C98004D7760 /* Debug */,
				04C24BB51CA58C98004D7760 /* Release */,
			);
			defaultConfigurationIsVisible = 0;
			defaultConfigurationName = Release;
		};
/* End XCConfigurationList section */
	};
	rootObject = 04C24B781CA58C98004D7760 /* Project object */;
}
